
Microsoft Visual Studio Solution File, Format Version 12.00
# Visual Studio 14
VisualStudioVersion = 14.0.25420.1
MinimumVisualStudioVersion = 10.0.40219.1
Project("{FAE04EC0-301F-11D3-BF4B-00C04F79EFBC}") = "proyectoTareas.Droid", "proyectoTareas\proyectoTareas.Droid\proyectoTareas.Droid.csproj", "{297C046F-B00F-49C8-9CD5-D798B7263B80}"
EndProject
Project("{FAE04EC0-301F-11D3-BF4B-00C04F79EFBC}") = "proyectoTareas.iOS", "proyectoTareas\proyectoTareas.iOS\proyectoTareas.iOS.csproj", "{CAF256CE-1845-48B1-853C-6C6FFC60CA87}"
EndProject
Project("{FAE04EC0-301F-11D3-BF4B-00C04F79EFBC}") = "proyectoTareas.WinPhone", "proyectoTareas\proyectoTareas.WinPhone\proyectoTareas.WinPhone.csproj", "{CA5060B8-74FF-4F0D-A5CB-82B0F3938CD2}"
EndProject
Project("{FAE04EC0-301F-11D3-BF4B-00C04F79EFBC}") = "proyectoTareas.UWP", "proyectoTareas\proyectoTareas.UWP\proyectoTareas.UWP.csproj", "{F1AC4E85-ED24-4683-8173-181A7FC77CD6}"
EndProject
Project("{FAE04EC0-301F-11D3-BF4B-00C04F79EFBC}") = "proyectoTareas.Windows", "proyectoTareas\proyectoTareas.Windows\proyectoTareas.Windows.csproj", "{C362F19A-00E4-471D-BDC6-634C28F27F4A}"
EndProject
Project("{FAE04EC0-301F-11D3-BF4B-00C04F79EFBC}") = "proyectoTareas", "proyectoTareas\proyectoTareas\proyectoTareas.csproj", "{DCCB7D5D-2C6A-4963-A5B5-A69EA8F88011}"
EndProject
Global
	GlobalSection(SolutionConfigurationPlatforms) = preSolution
		Ad-Hoc|Any CPU = Ad-Hoc|Any CPU
		Ad-Hoc|ARM = Ad-Hoc|ARM
		Ad-Hoc|iPhone = Ad-Hoc|iPhone
		Ad-Hoc|iPhoneSimulator = Ad-Hoc|iPhoneSimulator
		Ad-Hoc|x64 = Ad-Hoc|x64
		Ad-Hoc|x86 = Ad-Hoc|x86
		AppStore|Any CPU = AppStore|Any CPU
		AppStore|ARM = AppStore|ARM
		AppStore|iPhone = AppStore|iPhone
		AppStore|iPhoneSimulator = AppStore|iPhoneSimulator
		AppStore|x64 = AppStore|x64
		AppStore|x86 = AppStore|x86
		Debug|Any CPU = Debug|Any CPU
		Debug|ARM = Debug|ARM
		Debug|iPhone = Debug|iPhone
		Debug|iPhoneSimulator = Debug|iPhoneSimulator
		Debug|x64 = Debug|x64
		Debug|x86 = Debug|x86
		Release|Any CPU = Release|Any CPU
		Release|ARM = Release|ARM
		Release|iPhone = Release|iPhone
		Release|iPhoneSimulator = Release|iPhoneSimulator
		Release|x64 = Release|x64
		Release|x86 = Release|x86
	EndGlobalSection
	GlobalSection(ProjectConfigurationPlatforms) = postSolution
		{297C046F-B00F-49C8-9CD5-D798B7263B80}.Ad-Hoc|Any CPU.ActiveCfg = Release|Any CPU
		{297C046F-B00F-49C8-9CD5-D798B7263B80}.Ad-Hoc|Any CPU.Build.0 = Release|Any CPU
		{297C046F-B00F-49C8-9CD5-D798B7263B80}.Ad-Hoc|Any CPU.Deploy.0 = Release|Any CPU
		{297C046F-B00F-49C8-9CD5-D798B7263B80}.Ad-Hoc|ARM.ActiveCfg = Release|Any CPU
		{297C046F-B00F-49C8-9CD5-D798B7263B80}.Ad-Hoc|ARM.Build.0 = Release|Any CPU
		{297C046F-B00F-49C8-9CD5-D798B7263B80}.Ad-Hoc|ARM.Deploy.0 = Release|Any CPU
		{297C046F-B00F-49C8-9CD5-D798B7263B80}.Ad-Hoc|iPhone.ActiveCfg = Release|Any CPU
		{297C046F-B00F-49C8-9CD5-D798B7263B80}.Ad-Hoc|iPhone.Build.0 = Release|Any CPU
		{297C046F-B00F-49C8-9CD5-D798B7263B80}.Ad-Hoc|iPhone.Deploy.0 = Release|Any CPU
		{297C046F-B00F-49C8-9CD5-D798B7263B80}.Ad-Hoc|iPhoneSimulator.ActiveCfg = Release|Any CPU
		{297C046F-B00F-49C8-9CD5-D798B7263B80}.Ad-Hoc|iPhoneSimulator.Build.0 = Release|Any CPU
		{297C046F-B00F-49C8-9CD5-D798B7263B80}.Ad-Hoc|iPhoneSimulator.Deploy.0 = Release|Any CPU
		{297C046F-B00F-49C8-9CD5-D798B7263B80}.Ad-Hoc|x64.ActiveCfg = Release|Any CPU
		{297C046F-B00F-49C8-9CD5-D798B7263B80}.Ad-Hoc|x64.Build.0 = Release|Any CPU
		{297C046F-B00F-49C8-9CD5-D798B7263B80}.Ad-Hoc|x64.Deploy.0 = Release|Any CPU
		{297C046F-B00F-49C8-9CD5-D798B7263B80}.Ad-Hoc|x86.ActiveCfg = Release|Any CPU
		{297C046F-B00F-49C8-9CD5-D798B7263B80}.Ad-Hoc|x86.Build.0 = Release|Any CPU
		{297C046F-B00F-49C8-9CD5-D798B7263B80}.Ad-Hoc|x86.Deploy.0 = Release|Any CPU
		{297C046F-B00F-49C8-9CD5-D798B7263B80}.AppStore|Any CPU.ActiveCfg = Release|Any CPU
		{297C046F-B00F-49C8-9CD5-D798B7263B80}.AppStore|Any CPU.Build.0 = Release|Any CPU
		{297C046F-B00F-49C8-9CD5-D798B7263B80}.AppStore|Any CPU.Deploy.0 = Release|Any CPU
		{297C046F-B00F-49C8-9CD5-D798B7263B80}.AppStore|ARM.ActiveCfg = Release|Any CPU
		{297C046F-B00F-49C8-9CD5-D798B7263B80}.AppStore|ARM.Build.0 = Release|Any CPU
		{297C046F-B00F-49C8-9CD5-D798B7263B80}.AppStore|ARM.Deploy.0 = Release|Any CPU
		{297C046F-B00F-49C8-9CD5-D798B7263B80}.AppStore|iPhone.ActiveCfg = Release|Any CPU
		{297C046F-B00F-49C8-9CD5-D798B7263B80}.AppStore|iPhone.Build.0 = Release|Any CPU
		{297C046F-B00F-49C8-9CD5-D798B7263B80}.AppStore|iPhone.Deploy.0 = Release|Any CPU
		{297C046F-B00F-49C8-9CD5-D798B7263B80}.AppStore|iPhoneSimulator.ActiveCfg = Release|Any CPU
		{297C046F-B00F-49C8-9CD5-D798B7263B80}.AppStore|iPhoneSimulator.Build.0 = Release|Any CPU
		{297C046F-B00F-49C8-9CD5-D798B7263B80}.AppStore|iPhoneSimulator.Deploy.0 = Release|Any CPU
		{297C046F-B00F-49C8-9CD5-D798B7263B80}.AppStore|x64.ActiveCfg = Release|Any CPU
		{297C046F-B00F-49C8-9CD5-D798B7263B80}.AppStore|x64.Build.0 = Release|Any CPU
		{297C046F-B00F-49C8-9CD5-D798B7263B80}.AppStore|x64.Deploy.0 = Release|Any CPU
		{297C046F-B00F-49C8-9CD5-D798B7263B80}.AppStore|x86.ActiveCfg = Release|Any CPU
		{297C046F-B00F-49C8-9CD5-D798B7263B80}.AppStore|x86.Build.0 = Release|Any CPU
		{297C046F-B00F-49C8-9CD5-D798B7263B80}.AppStore|x86.Deploy.0 = Release|Any CPU
		{297C046F-B00F-49C8-9CD5-D798B7263B80}.Debug|Any CPU.ActiveCfg = Debug|Any CPU
		{297C046F-B00F-49C8-9CD5-D798B7263B80}.Debug|Any CPU.Build.0 = Debug|Any CPU
		{297C046F-B00F-49C8-9CD5-D798B7263B80}.Debug|Any CPU.Deploy.0 = Debug|Any CPU
		{297C046F-B00F-49C8-9CD5-D798B7263B80}.Debug|ARM.ActiveCfg = Debug|Any CPU
		{297C046F-B00F-49C8-9CD5-D798B7263B80}.Debug|ARM.Build.0 = Debug|Any CPU
		{297C046F-B00F-49C8-9CD5-D798B7263B80}.Debug|ARM.Deploy.0 = Debug|Any CPU
		{297C046F-B00F-49C8-9CD5-D798B7263B80}.Debug|iPhone.ActiveCfg = Debug|Any CPU
		{297C046F-B00F-49C8-9CD5-D798B7263B80}.Debug|iPhone.Build.0 = Debug|Any CPU
		{297C046F-B00F-49C8-9CD5-D798B7263B80}.Debug|iPhone.Deploy.0 = Debug|Any CPU
		{297C046F-B00F-49C8-9CD5-D798B7263B80}.Debug|iPhoneSimulator.ActiveCfg = Debug|Any CPU
		{297C046F-B00F-49C8-9CD5-D798B7263B80}.Debug|iPhoneSimulator.Build.0 = Debug|Any CPU
		{297C046F-B00F-49C8-9CD5-D798B7263B80}.Debug|iPhoneSimulator.Deploy.0 = Debug|Any CPU
		{297C046F-B00F-49C8-9CD5-D798B7263B80}.Debug|x64.ActiveCfg = Debug|Any CPU
		{297C046F-B00F-49C8-9CD5-D798B7263B80}.Debug|x64.Build.0 = Debug|Any CPU
		{297C046F-B00F-49C8-9CD5-D798B7263B80}.Debug|x64.Deploy.0 = Debug|Any CPU
		{297C046F-B00F-49C8-9CD5-D798B7263B80}.Debug|x86.ActiveCfg = Debug|Any CPU
		{297C046F-B00F-49C8-9CD5-D798B7263B80}.Debug|x86.Build.0 = Debug|Any CPU
		{297C046F-B00F-49C8-9CD5-D798B7263B80}.Debug|x86.Deploy.0 = Debug|Any CPU
		{297C046F-B00F-49C8-9CD5-D798B7263B80}.Release|Any CPU.ActiveCfg = Release|Any CPU
		{297C046F-B00F-49C8-9CD5-D798B7263B80}.Release|Any CPU.Build.0 = Release|Any CPU
		{297C046F-B00F-49C8-9CD5-D798B7263B80}.Release|Any CPU.Deploy.0 = Release|Any CPU
		{297C046F-B00F-49C8-9CD5-D798B7263B80}.Release|ARM.ActiveCfg = Release|Any CPU
		{297C046F-B00F-49C8-9CD5-D798B7263B80}.Release|ARM.Build.0 = Release|Any CPU
		{297C046F-B00F-49C8-9CD5-D798B7263B80}.Release|ARM.Deploy.0 = Release|Any CPU
		{297C046F-B00F-49C8-9CD5-D798B7263B80}.Release|iPhone.ActiveCfg = Release|Any CPU
		{297C046F-B00F-49C8-9CD5-D798B7263B80}.Release|iPhone.Build.0 = Release|Any CPU
		{297C046F-B00F-49C8-9CD5-D798B7263B80}.Release|iPhone.Deploy.0 = Release|Any CPU
		{297C046F-B00F-49C8-9CD5-D798B7263B80}.Release|iPhoneSimulator.ActiveCfg = Release|Any CPU
		{297C046F-B00F-49C8-9CD5-D798B7263B80}.Release|iPhoneSimulator.Build.0 = Release|Any CPU
		{297C046F-B00F-49C8-9CD5-D798B7263B80}.Release|iPhoneSimulator.Deploy.0 = Release|Any CPU
		{297C046F-B00F-49C8-9CD5-D798B7263B80}.Release|x64.ActiveCfg = Release|Any CPU
		{297C046F-B00F-49C8-9CD5-D798B7263B80}.Release|x64.Build.0 = Release|Any CPU
		{297C046F-B00F-49C8-9CD5-D798B7263B80}.Release|x64.Deploy.0 = Release|Any CPU
		{297C046F-B00F-49C8-9CD5-D798B7263B80}.Release|x86.ActiveCfg = Release|Any CPU
		{297C046F-B00F-49C8-9CD5-D798B7263B80}.Release|x86.Build.0 = Release|Any CPU
		{297C046F-B00F-49C8-9CD5-D798B7263B80}.Release|x86.Deploy.0 = Release|Any CPU
		{CAF256CE-1845-48B1-853C-6C6FFC60CA87}.Ad-Hoc|Any CPU.ActiveCfg = Ad-Hoc|iPhone
		{CAF256CE-1845-48B1-853C-6C6FFC60CA87}.Ad-Hoc|ARM.ActiveCfg = Ad-Hoc|iPhone
		{CAF256CE-1845-48B1-853C-6C6FFC60CA87}.Ad-Hoc|iPhone.ActiveCfg = Ad-Hoc|iPhone
		{CAF256CE-1845-48B1-853C-6C6FFC60CA87}.Ad-Hoc|iPhone.Build.0 = Ad-Hoc|iPhone
		{CAF256CE-1845-48B1-853C-6C6FFC60CA87}.Ad-Hoc|iPhoneSimulator.ActiveCfg = Ad-Hoc|iPhoneSimulator
		{CAF256CE-1845-48B1-853C-6C6FFC60CA87}.Ad-Hoc|iPhoneSimulator.Build.0 = Ad-Hoc|iPhoneSimulator
		{CAF256CE-1845-48B1-853C-6C6FFC60CA87}.Ad-Hoc|x64.ActiveCfg = Ad-Hoc|iPhone
		{CAF256CE-1845-48B1-853C-6C6FFC60CA87}.Ad-Hoc|x86.ActiveCfg = Ad-Hoc|iPhone
		{CAF256CE-1845-48B1-853C-6C6FFC60CA87}.AppStore|Any CPU.ActiveCfg = AppStore|iPhone
		{CAF256CE-1845-48B1-853C-6C6FFC60CA87}.AppStore|ARM.ActiveCfg = AppStore|iPhone
		{CAF256CE-1845-48B1-853C-6C6FFC60CA87}.AppStore|iPhone.ActiveCfg = AppStore|iPhone
		{CAF256CE-1845-48B1-853C-6C6FFC60CA87}.AppStore|iPhone.Build.0 = AppStore|iPhone
		{CAF256CE-1845-48B1-853C-6C6FFC60CA87}.AppStore|iPhoneSimulator.ActiveCfg = AppStore|iPhoneSimulator
		{CAF256CE-1845-48B1-853C-6C6FFC60CA87}.AppStore|iPhoneSimulator.Build.0 = AppStore|iPhoneSimulator
		{CAF256CE-1845-48B1-853C-6C6FFC60CA87}.AppStore|x64.ActiveCfg = AppStore|iPhone
		{CAF256CE-1845-48B1-853C-6C6FFC60CA87}.AppStore|x86.ActiveCfg = AppStore|iPhone
		{CAF256CE-1845-48B1-853C-6C6FFC60CA87}.Debug|Any CPU.ActiveCfg = Debug|iPhone
		{CAF256CE-1845-48B1-853C-6C6FFC60CA87}.Debug|ARM.ActiveCfg = Debug|iPhone
		{CAF256CE-1845-48B1-853C-6C6FFC60CA87}.Debug|iPhone.ActiveCfg = Debug|iPhone
		{CAF256CE-1845-48B1-853C-6C6FFC60CA87}.Debug|iPhone.Build.0 = Debug|iPhone
		{CAF256CE-1845-48B1-853C-6C6FFC60CA87}.Debug|iPhoneSimulator.ActiveCfg = Debug|iPhoneSimulator
		{CAF256CE-1845-48B1-853C-6C6FFC60CA87}.Debug|iPhoneSimulator.Build.0 = Debug|iPhoneSimulator
		{CAF256CE-1845-48B1-853C-6C6FFC60CA87}.Debug|x64.ActiveCfg = Debug|iPhone
		{CAF256CE-1845-48B1-853C-6C6FFC60CA87}.Debug|x86.ActiveCfg = Debug|iPhone
		{CAF256CE-1845-48B1-853C-6C6FFC60CA87}.Release|Any CPU.ActiveCfg = Release|iPhone
		{CAF256CE-1845-48B1-853C-6C6FFC60CA87}.Release|ARM.ActiveCfg = Release|iPhone
		{CAF256CE-1845-48B1-853C-6C6FFC60CA87}.Release|iPhone.ActiveCfg = Release|iPhone
		{CAF256CE-1845-48B1-853C-6C6FFC60CA87}.Release|iPhone.Build.0 = Release|iPhone
		{CAF256CE-1845-48B1-853C-6C6FFC60CA87}.Release|iPhoneSimulator.ActiveCfg = Release|iPhoneSimulator
		{CAF256CE-1845-48B1-853C-6C6FFC60CA87}.Release|iPhoneSimulator.Build.0 = Release|iPhoneSimulator
		{CAF256CE-1845-48B1-853C-6C6FFC60CA87}.Release|x64.ActiveCfg = Release|iPhone
		{CAF256CE-1845-48B1-853C-6C6FFC60CA87}.Release|x86.ActiveCfg = Release|iPhone
		{CA5060B8-74FF-4F0D-A5CB-82B0F3938CD2}.Ad-Hoc|Any CPU.ActiveCfg = Release|Any CPU
		{CA5060B8-74FF-4F0D-A5CB-82B0F3938CD2}.Ad-Hoc|Any CPU.Build.0 = Release|Any CPU
		{CA5060B8-74FF-4F0D-A5CB-82B0F3938CD2}.Ad-Hoc|Any CPU.Deploy.0 = Release|Any CPU
		{CA5060B8-74FF-4F0D-A5CB-82B0F3938CD2}.Ad-Hoc|ARM.ActiveCfg = Release|ARM
		{CA5060B8-74FF-4F0D-A5CB-82B0F3938CD2}.Ad-Hoc|ARM.Build.0 = Release|ARM
		{CA5060B8-74FF-4F0D-A5CB-82B0F3938CD2}.Ad-Hoc|ARM.Deploy.0 = Release|ARM
		{CA5060B8-74FF-4F0D-A5CB-82B0F3938CD2}.Ad-Hoc|iPhone.ActiveCfg = Release|Any CPU
		{CA5060B8-74FF-4F0D-A5CB-82B0F3938CD2}.Ad-Hoc|iPhone.Build.0 = Release|Any CPU
		{CA5060B8-74FF-4F0D-A5CB-82B0F3938CD2}.Ad-Hoc|iPhone.Deploy.0 = Release|Any CPU
		{CA5060B8-74FF-4F0D-A5CB-82B0F3938CD2}.Ad-Hoc|iPhoneSimulator.ActiveCfg = Release|Any CPU
		{CA5060B8-74FF-4F0D-A5CB-82B0F3938CD2}.Ad-Hoc|iPhoneSimulator.Build.0 = Release|Any CPU
		{CA5060B8-74FF-4F0D-A5CB-82B0F3938CD2}.Ad-Hoc|iPhoneSimulator.Deploy.0 = Release|Any CPU
		{CA5060B8-74FF-4F0D-A5CB-82B0F3938CD2}.Ad-Hoc|x64.ActiveCfg = Release|Any CPU
		{CA5060B8-74FF-4F0D-A5CB-82B0F3938CD2}.Ad-Hoc|x64.Build.0 = Release|Any CPU
		{CA5060B8-74FF-4F0D-A5CB-82B0F3938CD2}.Ad-Hoc|x64.Deploy.0 = Release|Any CPU
		{CA5060B8-74FF-4F0D-A5CB-82B0F3938CD2}.Ad-Hoc|x86.ActiveCfg = Release|x86
		{CA5060B8-74FF-4F0D-A5CB-82B0F3938CD2}.Ad-Hoc|x86.Build.0 = Release|x86
		{CA5060B8-74FF-4F0D-A5CB-82B0F3938CD2}.Ad-Hoc|x86.Deploy.0 = Release|x86
		{CA5060B8-74FF-4F0D-A5CB-82B0F3938CD2}.AppStore|Any CPU.ActiveCfg = Release|Any CPU
		{CA5060B8-74FF-4F0D-A5CB-82B0F3938CD2}.AppStore|Any CPU.Build.0 = Release|Any CPU
		{CA5060B8-74FF-4F0D-A5CB-82B0F3938CD2}.AppStore|Any CPU.Deploy.0 = Release|Any CPU
		{CA5060B8-74FF-4F0D-A5CB-82B0F3938CD2}.AppStore|ARM.ActiveCfg = Release|ARM
		{CA5060B8-74FF-4F0D-A5CB-82B0F3938CD2}.AppStore|ARM.Build.0 = Release|ARM
		{CA5060B8-74FF-4F0D-A5CB-82B0F3938CD2}.AppStore|ARM.Deploy.0 = Release|ARM
		{CA5060B8-74FF-4F0D-A5CB-82B0F3938CD2}.AppStore|iPhone.ActiveCfg = Release|Any CPU
		{CA5060B8-74FF-4F0D-A5CB-82B0F3938CD2}.AppStore|iPhone.Build.0 = Release|Any CPU
		{CA5060B8-74FF-4F0D-A5CB-82B0F3938CD2}.AppStore|iPhone.Deploy.0 = Release|Any CPU
		{CA5060B8-74FF-4F0D-A5CB-82B0F3938CD2}.AppStore|iPhoneSimulator.ActiveCfg = Release|Any CPU
		{CA5060B8-74FF-4F0D-A5CB-82B0F3938CD2}.AppStore|iPhoneSimulator.Build.0 = Release|Any CPU
		{CA5060B8-74FF-4F0D-A5CB-82B0F3938CD2}.AppStore|iPhoneSimulator.Deploy.0 = Release|Any CPU
		{CA5060B8-74FF-4F0D-A5CB-82B0F3938CD2}.AppStore|x64.ActiveCfg = Release|Any CPU
		{CA5060B8-74FF-4F0D-A5CB-82B0F3938CD2}.AppStore|x64.Build.0 = Release|Any CPU
		{CA5060B8-74FF-4F0D-A5CB-82B0F3938CD2}.AppStore|x64.Deploy.0 = Release|Any CPU
		{CA5060B8-74FF-4F0D-A5CB-82B0F3938CD2}.AppStore|x86.ActiveCfg = Release|x86
		{CA5060B8-74FF-4F0D-A5CB-82B0F3938CD2}.AppStore|x86.Build.0 = Release|x86
		{CA5060B8-74FF-4F0D-A5CB-82B0F3938CD2}.AppStore|x86.Deploy.0 = Release|x86
		{CA5060B8-74FF-4F0D-A5CB-82B0F3938CD2}.Debug|Any CPU.ActiveCfg = Debug|Any CPU
		{CA5060B8-74FF-4F0D-A5CB-82B0F3938CD2}.Debug|Any CPU.Build.0 = Debug|Any CPU
		{CA5060B8-74FF-4F0D-A5CB-82B0F3938CD2}.Debug|Any CPU.Deploy.0 = Debug|Any CPU
		{CA5060B8-74FF-4F0D-A5CB-82B0F3938CD2}.Debug|ARM.ActiveCfg = Debug|ARM
		{CA5060B8-74FF-4F0D-A5CB-82B0F3938CD2}.Debug|ARM.Build.0 = Debug|ARM
		{CA5060B8-74FF-4F0D-A5CB-82B0F3938CD2}.Debug|ARM.Deploy.0 = Debug|ARM
		{CA5060B8-74FF-4F0D-A5CB-82B0F3938CD2}.Debug|iPhone.ActiveCfg = Debug|Any CPU
		{CA5060B8-74FF-4F0D-A5CB-82B0F3938CD2}.Debug|iPhone.Build.0 = Debug|Any CPU
		{CA5060B8-74FF-4F0D-A5CB-82B0F3938CD2}.Debug|iPhone.Deploy.0 = Debug|Any CPU
		{CA5060B8-74FF-4F0D-A5CB-82B0F3938CD2}.Debug|iPhoneSimulator.ActiveCfg = Debug|Any CPU
		{CA5060B8-74FF-4F0D-A5CB-82B0F3938CD2}.Debug|iPhoneSimulator.Build.0 = Debug|Any CPU
		{CA5060B8-74FF-4F0D-A5CB-82B0F3938CD2}.Debug|iPhoneSimulator.Deploy.0 = Debug|Any CPU
		{CA5060B8-74FF-4F0D-A5CB-82B0F3938CD2}.Debug|x64.ActiveCfg = Debug|Any CPU
		{CA5060B8-74FF-4F0D-A5CB-82B0F3938CD2}.Debug|x64.Build.0 = Debug|Any CPU
		{CA5060B8-74FF-4F0D-A5CB-82B0F3938CD2}.Debug|x64.Deploy.0 = Debug|Any CPU
		{CA5060B8-74FF-4F0D-A5CB-82B0F3938CD2}.Debug|x86.ActiveCfg = Debug|x86
		{CA5060B8-74FF-4F0D-A5CB-82B0F3938CD2}.Debug|x86.Build.0 = Debug|x86
		{CA5060B8-74FF-4F0D-A5CB-82B0F3938CD2}.Debug|x86.Deploy.0 = Debug|x86
		{CA5060B8-74FF-4F0D-A5CB-82B0F3938CD2}.Release|Any CPU.ActiveCfg = Release|Any CPU
		{CA5060B8-74FF-4F0D-A5CB-82B0F3938CD2}.Release|Any CPU.Build.0 = Release|Any CPU
		{CA5060B8-74FF-4F0D-A5CB-82B0F3938CD2}.Release|Any CPU.Deploy.0 = Release|Any CPU
		{CA5060B8-74FF-4F0D-A5CB-82B0F3938CD2}.Release|ARM.ActiveCfg = Release|ARM
		{CA5060B8-74FF-4F0D-A5CB-82B0F3938CD2}.Release|ARM.Build.0 = Release|ARM
		{CA5060B8-74FF-4F0D-A5CB-82B0F3938CD2}.Release|ARM.Deploy.0 = Release|ARM
		{CA5060B8-74FF-4F0D-A5CB-82B0F3938CD2}.Release|iPhone.ActiveCfg = Release|Any CPU
		{CA5060B8-74FF-4F0D-A5CB-82B0F3938CD2}.Release|iPhone.Build.0 = Release|Any CPU
		{CA5060B8-74FF-4F0D-A5CB-82B0F3938CD2}.Release|iPhone.Deploy.0 = Release|Any CPU
		{CA5060B8-74FF-4F0D-A5CB-82B0F3938CD2}.Release|iPhoneSimulator.ActiveCfg = Release|Any CPU
		{CA5060B8-74FF-4F0D-A5CB-82B0F3938CD2}.Release|iPhoneSimulator.Build.0 = Release|Any CPU
		{CA5060B8-74FF-4F0D-A5CB-82B0F3938CD2}.Release|iPhoneSimulator.Deploy.0 = Release|Any CPU
		{CA5060B8-74FF-4F0D-A5CB-82B0F3938CD2}.Release|x64.ActiveCfg = Release|Any CPU
		{CA5060B8-74FF-4F0D-A5CB-82B0F3938CD2}.Release|x64.Build.0 = Release|Any CPU
		{CA5060B8-74FF-4F0D-A5CB-82B0F3938CD2}.Release|x64.Deploy.0 = Release|Any CPU
		{CA5060B8-74FF-4F0D-A5CB-82B0F3938CD2}.Release|x86.ActiveCfg = Release|x86
		{CA5060B8-74FF-4F0D-A5CB-82B0F3938CD2}.Release|x86.Build.0 = Release|x86
		{CA5060B8-74FF-4F0D-A5CB-82B0F3938CD2}.Release|x86.Deploy.0 = Release|x86
		{F1AC4E85-ED24-4683-8173-181A7FC77CD6}.Ad-Hoc|Any CPU.ActiveCfg = Release|x86
		{F1AC4E85-ED24-4683-8173-181A7FC77CD6}.Ad-Hoc|Any CPU.Build.0 = Release|x86
		{F1AC4E85-ED24-4683-8173-181A7FC77CD6}.Ad-Hoc|Any CPU.Deploy.0 = Release|x86
		{F1AC4E85-ED24-4683-8173-181A7FC77CD6}.Ad-Hoc|ARM.ActiveCfg = Release|ARM
		{F1AC4E85-ED24-4683-8173-181A7FC77CD6}.Ad-Hoc|ARM.Build.0 = Release|ARM
		{F1AC4E85-ED24-4683-8173-181A7FC77CD6}.Ad-Hoc|ARM.Deploy.0 = Release|ARM
		{F1AC4E85-ED24-4683-8173-181A7FC77CD6}.Ad-Hoc|iPhone.ActiveCfg = Release|x86
		{F1AC4E85-ED24-4683-8173-181A7FC77CD6}.Ad-Hoc|iPhone.Build.0 = Release|x86
		{F1AC4E85-ED24-4683-8173-181A7FC77CD6}.Ad-Hoc|iPhone.Deploy.0 = Release|x86
		{F1AC4E85-ED24-4683-8173-181A7FC77CD6}.Ad-Hoc|iPhoneSimulator.ActiveCfg = Release|x86
		{F1AC4E85-ED24-4683-8173-181A7FC77CD6}.Ad-Hoc|iPhoneSimulator.Build.0 = Release|x86
		{F1AC4E85-ED24-4683-8173-181A7FC77CD6}.Ad-Hoc|iPhoneSimulator.Deploy.0 = Release|x86
		{F1AC4E85-ED24-4683-8173-181A7FC77CD6}.Ad-Hoc|x64.ActiveCfg = Release|x64
		{F1AC4E85-ED24-4683-8173-181A7FC77CD6}.Ad-Hoc|x64.Build.0 = Release|x64
		{F1AC4E85-ED24-4683-8173-181A7FC77CD6}.Ad-Hoc|x64.Deploy.0 = Release|x64
		{F1AC4E85-ED24-4683-8173-181A7FC77CD6}.Ad-Hoc|x86.ActiveCfg = Release|x86
		{F1AC4E85-ED24-4683-8173-181A7FC77CD6}.Ad-Hoc|x86.Build.0 = Release|x86
		{F1AC4E85-ED24-4683-8173-181A7FC77CD6}.Ad-Hoc|x86.Deploy.0 = Release|x86
		{F1AC4E85-ED24-4683-8173-181A7FC77CD6}.AppStore|Any CPU.ActiveCfg = Release|x86
		{F1AC4E85-ED24-4683-8173-181A7FC77CD6}.AppStore|Any CPU.Build.0 = Release|x86
		{F1AC4E85-ED24-4683-8173-181A7FC77CD6}.AppStore|Any CPU.Deploy.0 = Release|x86
		{F1AC4E85-ED24-4683-8173-181A7FC77CD6}.AppStore|ARM.ActiveCfg = Release|ARM
		{F1AC4E85-ED24-4683-8173-181A7FC77CD6}.AppStore|ARM.Build.0 = Release|ARM
		{F1AC4E85-ED24-4683-8173-181A7FC77CD6}.AppStore|ARM.Deploy.0 = Release|ARM
		{F1AC4E85-ED24-4683-8173-181A7FC77CD6}.AppStore|iPhone.ActiveCfg = Release|x86
		{F1AC4E85-ED24-4683-8173-181A7FC77CD6}.AppStore|iPhone.Build.0 = Release|x86
		{F1AC4E85-ED24-4683-8173-181A7FC77CD6}.AppStore|iPhone.Deploy.0 = Release|x86
		{F1AC4E85-ED24-4683-8173-181A7FC77CD6}.AppStore|iPhoneSimulator.ActiveCfg = Release|x86
		{F1AC4E85-ED24-4683-8173-181A7FC77CD6}.AppStore|iPhoneSimulator.Build.0 = Release|x86
		{F1AC4E85-ED24-4683-8173-181A7FC77CD6}.AppStore|iPhoneSimulator.Deploy.0 = Release|x86
		{F1AC4E85-ED24-4683-8173-181A7FC77CD6}.AppStore|x64.ActiveCfg = Release|x64
		{F1AC4E85-ED24-4683-8173-181A7FC77CD6}.AppStore|x64.Build.0 = Release|x64
		{F1AC4E85-ED24-4683-8173-181A7FC77CD6}.AppStore|x64.Deploy.0 = Release|x64
		{F1AC4E85-ED24-4683-8173-181A7FC77CD6}.AppStore|x86.ActiveCfg = Release|x86
		{F1AC4E85-ED24-4683-8173-181A7FC77CD6}.AppStore|x86.Build.0 = Release|x86
		{F1AC4E85-ED24-4683-8173-181A7FC77CD6}.AppStore|x86.Deploy.0 = Release|x86
		{F1AC4E85-ED24-4683-8173-181A7FC77CD6}.Debug|Any CPU.ActiveCfg = Debug|x86
		{F1AC4E85-ED24-4683-8173-181A7FC77CD6}.Debug|Any CPU.Build.0 = Debug|x86
		{F1AC4E85-ED24-4683-8173-181A7FC77CD6}.Debug|Any CPU.Deploy.0 = Debug|x86
		{F1AC4E85-ED24-4683-8173-181A7FC77CD6}.Debug|ARM.ActiveCfg = Debug|ARM
		{F1AC4E85-ED24-4683-8173-181A7FC77CD6}.Debug|ARM.Build.0 = Debug|ARM
		{F1AC4E85-ED24-4683-8173-181A7FC77CD6}.Debug|ARM.Deploy.0 = Debug|ARM
		{F1AC4E85-ED24-4683-8173-181A7FC77CD6}.Debug|iPhone.ActiveCfg = Debug|x86
		{F1AC4E85-ED24-4683-8173-181A7FC77CD6}.Debug|iPhoneSimulator.ActiveCfg = Debug|x86
		{F1AC4E85-ED24-4683-8173-181A7FC77CD6}.Debug|x64.ActiveCfg = Debug|x64
		{F1AC4E85-ED24-4683-8173-181A7FC77CD6}.Debug|x64.Build.0 = Debug|x64
		{F1AC4E85-ED24-4683-8173-181A7FC77CD6}.Debug|x64.Deploy.0 = Debug|x64
		{F1AC4E85-ED24-4683-8173-181A7FC77CD6}.Debug|x86.ActiveCfg = Debug|x86
		{F1AC4E85-ED24-4683-8173-181A7FC77CD6}.Debug|x86.Build.0 = Debug|x86
		{F1AC4E85-ED24-4683-8173-181A7FC77CD6}.Debug|x86.Deploy.0 = Debug|x86
		{F1AC4E85-ED24-4683-8173-181A7FC77CD6}.Release|Any CPU.ActiveCfg = Release|x86
		{F1AC4E85-ED24-4683-8173-181A7FC77CD6}.Release|ARM.ActiveCfg = Release|ARM
		{F1AC4E85-ED24-4683-8173-181A7FC77CD6}.Release|ARM.Build.0 = Release|ARM
		{F1AC4E85-ED24-4683-8173-181A7FC77CD6}.Release|ARM.Deploy.0 = Release|ARM
		{F1AC4E85-ED24-4683-8173-181A7FC77CD6}.Release|iPhone.ActiveCfg = Release|x86
		{F1AC4E85-ED24-4683-8173-181A7FC77CD6}.Release|iPhoneSimulator.ActiveCfg = Release|x86
		{F1AC4E85-ED24-4683-8173-181A7FC77CD6}.Release|x64.ActiveCfg = Release|x64
		{F1AC4E85-ED24-4683-8173-181A7FC77CD6}.Release|x64.Build.0 = Release|x64
		{F1AC4E85-ED24-4683-8173-181A7FC77CD6}.Release|x64.Deploy.0 = Release|x64
		{F1AC4E85-ED24-4683-8173-181A7FC77CD6}.Release|x86.ActiveCfg = Release|x86
		{F1AC4E85-ED24-4683-8173-181A7FC77CD6}.Release|x86.Build.0 = Release|x86
		{F1AC4E85-ED24-4683-8173-181A7FC77CD6}.Release|x86.Deploy.0 = Release|x86
		{C362F19A-00E4-471D-BDC6-634C28F27F4A}.Ad-Hoc|Any CPU.ActiveCfg = Release|Any CPU
		{C362F19A-00E4-471D-BDC6-634C28F27F4A}.Ad-Hoc|Any CPU.Build.0 = Release|Any CPU
		{C362F19A-00E4-471D-BDC6-634C28F27F4A}.Ad-Hoc|Any CPU.Deploy.0 = Release|Any CPU
		{C362F19A-00E4-471D-BDC6-634C28F27F4A}.Ad-Hoc|ARM.ActiveCfg = Release|ARM
		{C362F19A-00E4-471D-BDC6-634C28F27F4A}.Ad-Hoc|ARM.Build.0 = Release|ARM
		{C362F19A-00E4-471D-BDC6-634C28F27F4A}.Ad-Hoc|ARM.Deploy.0 = Release|ARM
		{C362F19A-00E4-471D-BDC6-634C28F27F4A}.Ad-Hoc|iPhone.ActiveCfg = Release|Any CPU
		{C362F19A-00E4-471D-BDC6-634C28F27F4A}.Ad-Hoc|iPhone.Build.0 = Release|Any CPU
		{C362F19A-00E4-471D-BDC6-634C28F27F4A}.Ad-Hoc|iPhone.Deploy.0 = Release|Any CPU
		{C362F19A-00E4-471D-BDC6-634C28F27F4A}.Ad-Hoc|iPhoneSimulator.ActiveCfg = Release|Any CPU
		{C362F19A-00E4-471D-BDC6-634C28F27F4A}.Ad-Hoc|iPhoneSimulator.Build.0 = Release|Any CPU
		{C362F19A-00E4-471D-BDC6-634C28F27F4A}.Ad-Hoc|iPhoneSimulator.Deploy.0 = Release|Any CPU
		{C362F19A-00E4-471D-BDC6-634C28F27F4A}.Ad-Hoc|x64.ActiveCfg = Release|x64
		{C362F19A-00E4-471D-BDC6-634C28F27F4A}.Ad-Hoc|x64.Build.0 = Release|x64
		{C362F19A-00E4-471D-BDC6-634C28F27F4A}.Ad-Hoc|x64.Deploy.0 = Release|x64
		{C362F19A-00E4-471D-BDC6-634C28F27F4A}.Ad-Hoc|x86.ActiveCfg = Release|x86
		{C362F19A-00E4-471D-BDC6-634C28F27F4A}.Ad-Hoc|x86.Build.0 = Release|x86
		{C362F19A-00E4-471D-BDC6-634C28F27F4A}.Ad-Hoc|x86.Deploy.0 = Release|x86
		{C362F19A-00E4-471D-BDC6-634C28F27F4A}.AppStore|Any CPU.ActiveCfg = Release|Any CPU
		{C362F19A-00E4-471D-BDC6-634C28F27F4A}.AppStore|Any CPU.Build.0 = Release|Any CPU
		{C362F19A-00E4-471D-BDC6-634C28F27F4A}.AppStore|Any CPU.Deploy.0 = Release|Any CPU
		{C362F19A-00E4-471D-BDC6-634C28F27F4A}.AppStore|ARM.ActiveCfg = Release|ARM
		{C362F19A-00E4-471D-BDC6-634C28F27F4A}.AppStore|ARM.Build.0 = Release|ARM
		{C362F19A-00E4-471D-BDC6-634C28F27F4A}.AppStore|ARM.Deploy.0 = Release|ARM
		{C362F19A-00E4-471D-BDC6-634C28F27F4A}.AppStore|iPhone.ActiveCfg = Release|Any CPU
		{C362F19A-00E4-471D-BDC6-634C28F27F4A}.AppStore|iPhone.Build.0 = Release|Any CPU
		{C362F19A-00E4-471D-BDC6-634C28F27F4A}.AppStore|iPhone.Deploy.0 = Release|Any CPU
		{C362F19A-00E4-471D-BDC6-634C28F27F4A}.AppStore|iPhoneSimulator.ActiveCfg = Release|Any CPU
		{C362F19A-00E4-471D-BDC6-634C28F27F4A}.AppStore|iPhoneSimulator.Build.0 = Release|Any CPU
		{C362F19A-00E4-471D-BDC6-634C28F27F4A}.AppStore|iPhoneSimulator.Deploy.0 = Release|Any CPU
		{C362F19A-00E4-471D-BDC6-634C28F27F4A}.AppStore|x64.ActiveCfg = Release|x64
		{C362F19A-00E4-471D-BDC6-634C28F27F4A}.AppStore|x64.Build.0 = Release|x64
		{C362F19A-00E4-471D-BDC6-634C28F27F4A}.AppStore|x64.Deploy.0 = Release|x64
		{C362F19A-00E4-471D-BDC6-634C28F27F4A}.AppStore|x86.ActiveCfg = Release|x86
		{C362F19A-00E4-471D-BDC6-634C28F27F4A}.AppStore|x86.Build.0 = Release|x86
		{C362F19A-00E4-471D-BDC6-634C28F27F4A}.AppStore|x86.Deploy.0 = Release|x86
		{C362F19A-00E4-471D-BDC6-634C28F27F4A}.Debug|Any CPU.ActiveCfg = Debug|Any CPU
		{C362F19A-00E4-471D-BDC6-634C28F27F4A}.Debug|Any CPU.Build.0 = Debug|Any CPU
		{C362F19A-00E4-471D-BDC6-634C28F27F4A}.Debug|Any CPU.Deploy.0 = Debug|Any CPU
		{C362F19A-00E4-471D-BDC6-634C28F27F4A}.Debug|ARM.ActiveCfg = Debug|ARM
		{C362F19A-00E4-471D-BDC6-634C28F27F4A}.Debug|ARM.Build.0 = Debug|ARM
		{C362F19A-00E4-471D-BDC6-634C28F27F4A}.Debug|ARM.Deploy.0 = Debug|ARM
		{C362F19A-00E4-471D-BDC6-634C28F27F4A}.Debug|iPhone.ActiveCfg = Debug|Any CPU
		{C362F19A-00E4-471D-BDC6-634C28F27F4A}.Debug|iPhone.Build.0 = Debug|Any CPU
		{C362F19A-00E4-471D-BDC6-634C28F27F4A}.Debug|iPhone.Deploy.0 = Debug|Any CPU
		{C362F19A-00E4-471D-BDC6-634C28F27F4A}.Debug|iPhoneSimulator.ActiveCfg = Debug|Any CPU
		{C362F19A-00E4-471D-BDC6-634C28F27F4A}.Debug|iPhoneSimulator.Build.0 = Debug|Any CPU
		{C362F19A-00E4-471D-BDC6-634C28F27F4A}.Debug|iPhoneSimulator.Deploy.0 = Debug|Any CPU
		{C362F19A-00E4-471D-BDC6-634C28F27F4A}.Debug|x64.ActiveCfg = Debug|x64
		{C362F19A-00E4-471D-BDC6-634C28F27F4A}.Debug|x64.Build.0 = Debug|x64
		{C362F19A-00E4-471D-BDC6-634C28F27F4A}.Debug|x64.Deploy.0 = Debug|x64
		{C362F19A-00E4-471D-BDC6-634C28F27F4A}.Debug|x86.ActiveCfg = Debug|x86
		{C362F19A-00E4-471D-BDC6-634C28F27F4A}.Debug|x86.Build.0 = Debug|x86
		{C362F19A-00E4-471D-BDC6-634C28F27F4A}.Debug|x86.Deploy.0 = Debug|x86
		{C362F19A-00E4-471D-BDC6-634C28F27F4A}.Release|Any CPU.ActiveCfg = Release|Any CPU
		{C362F19A-00E4-471D-BDC6-634C28F27F4A}.Release|Any CPU.Build.0 = Release|Any CPU
		{C362F19A-00E4-471D-BDC6-634C28F27F4A}.Release|Any CPU.Deploy.0 = Release|Any CPU
		{C362F19A-00E4-471D-BDC6-634C28F27F4A}.Release|ARM.ActiveCfg = Release|ARM
		{C362F19A-00E4-471D-BDC6-634C28F27F4A}.Release|ARM.Build.0 = Release|ARM
		{C362F19A-00E4-471D-BDC6-634C28F27F4A}.Release|ARM.Deploy.0 = Release|ARM
		{C362F19A-00E4-471D-BDC6-634C28F27F4A}.Release|iPhone.ActiveCfg = Release|Any CPU
		{C362F19A-00E4-471D-BDC6-634C28F27F4A}.Release|iPhone.Build.0 = Release|Any CPU
		{C362F19A-00E4-471D-BDC6-634C28F27F4A}.Release|iPhone.Deploy.0 = Release|Any CPU
		{C362F19A-00E4-471D-BDC6-634C28F27F4A}.Release|iPhoneSimulator.ActiveCfg = Release|Any CPU
		{C362F19A-00E4-471D-BDC6-634C28F27F4A}.Release|iPhoneSimulator.Build.0 = Release|Any CPU
		{C362F19A-00E4-471D-BDC6-634C28F27F4A}.Release|iPhoneSimulator.Deploy.0 = Release|Any CPU
		{C362F19A-00E4-471D-BDC6-634C28F27F4A}.Release|x64.ActiveCfg = Release|x64
		{C362F19A-00E4-471D-BDC6-634C28F27F4A}.Release|x64.Build.0 = Release|x64
		{C362F19A-00E4-471D-BDC6-634C28F27F4A}.Release|x64.Deploy.0 = Release|x64
		{C362F19A-00E4-471D-BDC6-634C28F27F4A}.Release|x86.ActiveCfg = Release|x86
		{C362F19A-00E4-471D-BDC6-634C28F27F4A}.Release|x86.Build.0 = Release|x86
		{C362F19A-00E4-471D-BDC6-634C28F27F4A}.Release|x86.Deploy.0 = Release|x86
		{DCCB7D5D-2C6A-4963-A5B5-A69EA8F88011}.Ad-Hoc|Any CPU.ActiveCfg = Release|Any CPU
		{DCCB7D5D-2C6A-4963-A5B5-A69EA8F88011}.Ad-Hoc|Any CPU.Build.0 = Release|Any CPU
		{DCCB7D5D-2C6A-4963-A5B5-A69EA8F88011}.Ad-Hoc|ARM.ActiveCfg = Release|Any CPU
		{DCCB7D5D-2C6A-4963-A5B5-A69EA8F88011}.Ad-Hoc|ARM.Build.0 = Release|Any CPU
		{DCCB7D5D-2C6A-4963-A5B5-A69EA8F88011}.Ad-Hoc|iPhone.ActiveCfg = Release|Any CPU
		{DCCB7D5D-2C6A-4963-A5B5-A69EA8F88011}.Ad-Hoc|iPhone.Build.0 = Release|Any CPU
		{DCCB7D5D-2C6A-4963-A5B5-A69EA8F88011}.Ad-Hoc|iPhoneSimulator.ActiveCfg = Release|Any CPU
		{DCCB7D5D-2C6A-4963-A5B5-A69EA8F88011}.Ad-Hoc|iPhoneSimulator.Build.0 = Release|Any CPU
		{DCCB7D5D-2C6A-4963-A5B5-A69EA8F88011}.Ad-Hoc|x64.ActiveCfg = Release|Any CPU
		{DCCB7D5D-2C6A-4963-A5B5-A69EA8F88011}.Ad-Hoc|x64.Build.0 = Release|Any CPU
		{DCCB7D5D-2C6A-4963-A5B5-A69EA8F88011}.Ad-Hoc|x86.ActiveCfg = Release|Any CPU
		{DCCB7D5D-2C6A-4963-A5B5-A69EA8F88011}.Ad-Hoc|x86.Build.0 = Release|Any CPU
		{DCCB7D5D-2C6A-4963-A5B5-A69EA8F88011}.AppStore|Any CPU.ActiveCfg = Release|Any CPU
		{DCCB7D5D-2C6A-4963-A5B5-A69EA8F88011}.AppStore|Any CPU.Build.0 = Release|Any CPU
		{DCCB7D5D-2C6A-4963-A5B5-A69EA8F88011}.AppStore|ARM.ActiveCfg = Release|Any CPU
		{DCCB7D5D-2C6A-4963-A5B5-A69EA8F88011}.AppStore|ARM.Build.0 = Release|Any CPU
		{DCCB7D5D-2C6A-4963-A5B5-A69EA8F88011}.AppStore|iPhone.ActiveCfg = Release|Any CPU
		{DCCB7D5D-2C6A-4963-A5B5-A69EA8F88011}.AppStore|iPhone.Build.0 = Release|Any CPU
		{DCCB7D5D-2C6A-4963-A5B5-A69EA8F88011}.AppStore|iPhoneSimulator.ActiveCfg = Release|Any CPU
		{DCCB7D5D-2C6A-4963-A5B5-A69EA8F88011}.AppStore|iPhoneSimulator.Build.0 = Release|Any CPU
		{DCCB7D5D-2C6A-4963-A5B5-A69EA8F88011}.AppStore|x64.ActiveCfg = Release|Any CPU
		{DCCB7D5D-2C6A-4963-A5B5-A69EA8F88011}.AppStore|x64.Build.0 = Release|Any CPU
		{DCCB7D5D-2C6A-4963-A5B5-A69EA8F88011}.AppStore|x86.ActiveCfg = Release|Any CPU
		{DCCB7D5D-2C6A-4963-A5B5-A69EA8F88011}.AppStore|x86.Build.0 = Release|Any CPU
		{DCCB7D5D-2C6A-4963-A5B5-A69EA8F88011}.Debug|Any CPU.ActiveCfg = Debug|Any CPU
		{DCCB7D5D-2C6A-4963-A5B5-A69EA8F88011}.Debug|Any CPU.Build.0 = Debug|Any CPU
		{DCCB7D5D-2C6A-4963-A5B5-A69EA8F88011}.Debug|ARM.ActiveCfg = Debug|Any CPU
		{DCCB7D5D-2C6A-4963-A5B5-A69EA8F88011}.Debug|ARM.Build.0 = Debug|Any CPU
		{DCCB7D5D-2C6A-4963-A5B5-A69EA8F88011}.Debug|iPhone.ActiveCfg = Debug|Any CPU
		{DCCB7D5D-2C6A-4963-A5B5-A69EA8F88011}.Debug|iPhone.Build.0 = Debug|Any CPU
		{DCCB7D5D-2C6A-4963-A5B5-A69EA8F88011}.Debug|iPhoneSimulator.ActiveCfg = Debug|Any CPU
		{DCCB7D5D-2C6A-4963-A5B5-A69EA8F88011}.Debug|iPhoneSimulator.Build.0 = Debug|Any CPU
		{DCCB7D5D-2C6A-4963-A5B5-A69EA8F88011}.Debug|x64.ActiveCfg = Debug|Any CPU
		{DCCB7D5D-2C6A-4963-A5B5-A69EA8F88011}.Debug|x64.Build.0 = Debug|Any CPU
		{DCCB7D5D-2C6A-4963-A5B5-A69EA8F88011}.Debug|x86.ActiveCfg = Debug|Any CPU
		{DCCB7D5D-2C6A-4963-A5B5-A69EA8F88011}.Debug|x86.Build.0 = Debug|Any CPU
		{DCCB7D5D-2C6A-4963-A5B5-A69EA8F88011}.Release|Any CPU.ActiveCfg = Release|Any CPU
		{DCCB7D5D-2C6A-4963-A5B5-A69EA8F88011}.Release|Any CPU.Build.0 = Release|Any CPU
		{DCCB7D5D-2C6A-4963-A5B5-A69EA8F88011}.Release|ARM.ActiveCfg = Release|Any CPU
		{DCCB7D5D-2C6A-4963-A5B5-A69EA8F88011}.Release|ARM.Build.0 = Release|Any CPU
		{DCCB7D5D-2C6A-4963-A5B5-A69EA8F88011}.Release|iPhone.ActiveCfg = Release|Any CPU
		{DCCB7D5D-2C6A-4963-A5B5-A69EA8F88011}.Release|iPhone.Build.0 = Release|Any CPU
		{DCCB7D5D-2C6A-4963-A5B5-A69EA8F88011}.Release|iPhoneSimulator.ActiveCfg = Release|Any CPU
		{DCCB7D5D-2C6A-4963-A5B5-A69EA8F88011}.Release|iPhoneSimulator.Build.0 = Release|Any CPU
		{DCCB7D5D-2C6A-4963-A5B5-A69EA8F88011}.Release|x64.ActiveCfg = Release|Any CPU
		{DCCB7D5D-2C6A-4963-A5B5-A69EA8F88011}.Release|x64.Build.0 = Release|Any CPU
		{DCCB7D5D-2C6A-4963-A5B5-A69EA8F88011}.Release|x86.ActiveCfg = Release|Any CPU
		{DCCB7D5D-2C6A-4963-A5B5-A69EA8F88011}.Release|x86.Build.0 = Release|Any CPU
	EndGlobalSection
	GlobalSection(SolutionProperties) = preSolution
		HideSolutionNode = FALSE
	EndGlobalSection
EndGlobal
